<?xml version="1.0" encoding="UTF-8" standalone="yes" ?>
<CodeBlocks_project_file>
	<FileVersion major="1" minor="6" />
	<Project>
		<Option title="work" />
		<Option pch_mode="2" />
		<Option compiler="gcc" />
		<Build>
			<Target title="Debug">
				<Option output="bin\Debug\work" prefix_auto="1" extension_auto="1" />
				<Option object_output="obj\Debug\" />
				<Option type="1" />
				<Option compiler="gcc" />
				<Compiler>
					<Add option="-g" />
				</Compiler>
			</Target>
			<Target title="Release">
				<Option output="bin\Release\work" prefix_auto="1" extension_auto="1" />
				<Option object_output="obj\Release\" />
				<Option type="1" />
				<Option compiler="gcc" />
				<Compiler>
					<Add option="-O2" />
				</Compiler>
				<Linker>
					<Add option="-s" />
				</Linker>
			</Target>
		</Build>
		<Compiler>
			<Add option="-Wall" />
			<Add option="-fexceptions" />
		</Compiler>
		<Unit filename="..\hwork.h" />
		<Unit filename="admin_func.cpp" />
		<Unit filename="admin_sign.cpp" />
		<Unit filename="buy_goods.cpp" />
		<Unit filename="buyer.cpp" />
		<Unit filename="change_goods.cpp" />
		<Unit filename="main.cpp" />
		<Unit filename="search_goods.cpp" />
		<Unit filename="see_buy.cpp" />
		<Unit filename="see_history_sell_order.cpp" />
		<Unit filename="see_more.cpp" />
		<Unit filename="see_my_sell_goods.cpp" />
		<Unit filename="see_product.cpp" />
		<Unit filename="seller.cpp" />
		<Unit filename="shelf_goods.cpp" />
		<Unit filename="sold_out.cpp" />
		<Unit filename="user.cpp" />
		<Unit filename="user_login.cpp" />
		<Unit filename="user_main_menu.cpp" />
		<Unit filename="user_sign_in.cpp" />
		<Unit filename="work.h" />
		<Extensions>
			<code_completion />
			<debugger />
		</Extensions>
	</Project>
</CodeBlocks_project_file>
